
Microsoft Visual Studio Solution File, Format Version 12.00
Project("{FAE04EC0-301F-11D3-BF4B-00C04F79EFBC}") = "Day1", "Day1\Day1.csproj", "{B98EF7AF-05D9-4524-8B69-22935F34A959}"
EndProject
Project("{2150E333-8FDC-42A3-9474-1A3956D46DE8}") = "Files", "Files", "{1754B720-9072-4B6D-921F-34AB3D23E6D4}"
	ProjectSection(SolutionItems) = preProject
		.gitignore = .gitignore
	EndProjectSection
EndProject
Project("{FAE04EC0-301F-11D3-BF4B-00C04F79EFBC}") = "Common", "Common\Common.csproj", "{B7F90904-1422-476A-8F62-8C38C0E14716}"
EndProject
Project("{FAE04EC0-301F-11D3-BF4B-00C04F79EFBC}") = "Day2", "Day2\Day2.csproj", "{830024B5-7FC9-4422-A153-7A99BCE780AC}"
EndProject
Project("{FAE04EC0-301F-11D3-BF4B-00C04F79EFBC}") = "Day3", "Day3\Day3.csproj", "{3478A495-762A-4BA9-B4E4-D6BE801B1535}"
EndProject
Project("{FAE04EC0-301F-11D3-BF4B-00C04F79EFBC}") = "Day4", "Day4\Day4.csproj", "{23E782CA-6BD9-4F89-B631-396842EDD7B2}"
EndProject
Project("{FAE04EC0-301F-11D3-BF4B-00C04F79EFBC}") = "Day5", "Day5\Day5.csproj", "{1E820A52-2E0F-4693-BC9D-906CB0815FB7}"
EndProject
Project("{FAE04EC0-301F-11D3-BF4B-00C04F79EFBC}") = "Day6", "Day6\Day6.csproj", "{F08E0A80-6B95-4157-A7F2-5B68C8533171}"
EndProject
Project("{FAE04EC0-301F-11D3-BF4B-00C04F79EFBC}") = "Day7", "Day7\Day7.csproj", "{55DEB4F2-A76C-46B8-A6E5-2372ACF28D12}"
EndProject
Project("{FAE04EC0-301F-11D3-BF4B-00C04F79EFBC}") = "Day8", "Day8\Day8.csproj", "{E85546E4-D0CD-4873-9E26-D26D862481B9}"
EndProject
Project("{FAE04EC0-301F-11D3-BF4B-00C04F79EFBC}") = "Day9", "Day9\Day9.csproj", "{CD338D45-3ED4-4A31-8CF2-BF2CDE533482}"
EndProject
Project("{FAE04EC0-301F-11D3-BF4B-00C04F79EFBC}") = "Day10", "Day10\Day10.csproj", "{2C2A437C-8279-4659-83C1-8E6A9DEEF018}"
EndProject
Project("{FAE04EC0-301F-11D3-BF4B-00C04F79EFBC}") = "Day11", "Day11\Day11.csproj", "{7FB7FED0-D474-4908-81B8-19A443E39561}"
EndProject
Project("{FAE04EC0-301F-11D3-BF4B-00C04F79EFBC}") = "Day12", "Day12\Day12.csproj", "{5DC1BF50-7F9B-45BF-B2FA-D427646C9A76}"
EndProject
Project("{FAE04EC0-301F-11D3-BF4B-00C04F79EFBC}") = "Day13", "Day13\Day13.csproj", "{E8533FF0-3658-4645-84BD-5193C36D1700}"
EndProject
Project("{FAE04EC0-301F-11D3-BF4B-00C04F79EFBC}") = "Day14", "Day14\Day14.csproj", "{F1C45AB6-42B9-4D53-9B2F-E41A22C4B258}"
EndProject
Global
	GlobalSection(SolutionConfigurationPlatforms) = preSolution
		Debug|Any CPU = Debug|Any CPU
		Release|Any CPU = Release|Any CPU
	EndGlobalSection
	GlobalSection(ProjectConfigurationPlatforms) = postSolution
		{B98EF7AF-05D9-4524-8B69-22935F34A959}.Debug|Any CPU.ActiveCfg = Debug|Any CPU
		{B98EF7AF-05D9-4524-8B69-22935F34A959}.Debug|Any CPU.Build.0 = Debug|Any CPU
		{B98EF7AF-05D9-4524-8B69-22935F34A959}.Release|Any CPU.ActiveCfg = Release|Any CPU
		{B98EF7AF-05D9-4524-8B69-22935F34A959}.Release|Any CPU.Build.0 = Release|Any CPU
		{B7F90904-1422-476A-8F62-8C38C0E14716}.Debug|Any CPU.ActiveCfg = Debug|Any CPU
		{B7F90904-1422-476A-8F62-8C38C0E14716}.Debug|Any CPU.Build.0 = Debug|Any CPU
		{B7F90904-1422-476A-8F62-8C38C0E14716}.Release|Any CPU.ActiveCfg = Release|Any CPU
		{B7F90904-1422-476A-8F62-8C38C0E14716}.Release|Any CPU.Build.0 = Release|Any CPU
		{830024B5-7FC9-4422-A153-7A99BCE780AC}.Debug|Any CPU.ActiveCfg = Debug|Any CPU
		{830024B5-7FC9-4422-A153-7A99BCE780AC}.Debug|Any CPU.Build.0 = Debug|Any CPU
		{830024B5-7FC9-4422-A153-7A99BCE780AC}.Release|Any CPU.ActiveCfg = Release|Any CPU
		{830024B5-7FC9-4422-A153-7A99BCE780AC}.Release|Any CPU.Build.0 = Release|Any CPU
		{3478A495-762A-4BA9-B4E4-D6BE801B1535}.Debug|Any CPU.ActiveCfg = Debug|Any CPU
		{3478A495-762A-4BA9-B4E4-D6BE801B1535}.Debug|Any CPU.Build.0 = Debug|Any CPU
		{3478A495-762A-4BA9-B4E4-D6BE801B1535}.Release|Any CPU.ActiveCfg = Release|Any CPU
		{3478A495-762A-4BA9-B4E4-D6BE801B1535}.Release|Any CPU.Build.0 = Release|Any CPU
		{23E782CA-6BD9-4F89-B631-396842EDD7B2}.Debug|Any CPU.ActiveCfg = Debug|Any CPU
		{23E782CA-6BD9-4F89-B631-396842EDD7B2}.Debug|Any CPU.Build.0 = Debug|Any CPU
		{23E782CA-6BD9-4F89-B631-396842EDD7B2}.Release|Any CPU.ActiveCfg = Release|Any CPU
		{23E782CA-6BD9-4F89-B631-396842EDD7B2}.Release|Any CPU.Build.0 = Release|Any CPU
		{1E820A52-2E0F-4693-BC9D-906CB0815FB7}.Debug|Any CPU.ActiveCfg = Debug|Any CPU
		{1E820A52-2E0F-4693-BC9D-906CB0815FB7}.Debug|Any CPU.Build.0 = Debug|Any CPU
		{1E820A52-2E0F-4693-BC9D-906CB0815FB7}.Release|Any CPU.ActiveCfg = Release|Any CPU
		{1E820A52-2E0F-4693-BC9D-906CB0815FB7}.Release|Any CPU.Build.0 = Release|Any CPU
		{F08E0A80-6B95-4157-A7F2-5B68C8533171}.Debug|Any CPU.ActiveCfg = Debug|Any CPU
		{F08E0A80-6B95-4157-A7F2-5B68C8533171}.Debug|Any CPU.Build.0 = Debug|Any CPU
		{F08E0A80-6B95-4157-A7F2-5B68C8533171}.Release|Any CPU.ActiveCfg = Release|Any CPU
		{F08E0A80-6B95-4157-A7F2-5B68C8533171}.Release|Any CPU.Build.0 = Release|Any CPU
		{55DEB4F2-A76C-46B8-A6E5-2372ACF28D12}.Debug|Any CPU.ActiveCfg = Debug|Any CPU
		{55DEB4F2-A76C-46B8-A6E5-2372ACF28D12}.Debug|Any CPU.Build.0 = Debug|Any CPU
		{55DEB4F2-A76C-46B8-A6E5-2372ACF28D12}.Release|Any CPU.ActiveCfg = Release|Any CPU
		{55DEB4F2-A76C-46B8-A6E5-2372ACF28D12}.Release|Any CPU.Build.0 = Release|Any CPU
		{E85546E4-D0CD-4873-9E26-D26D862481B9}.Debug|Any CPU.ActiveCfg = Debug|Any CPU
		{E85546E4-D0CD-4873-9E26-D26D862481B9}.Debug|Any CPU.Build.0 = Debug|Any CPU
		{E85546E4-D0CD-4873-9E26-D26D862481B9}.Release|Any CPU.ActiveCfg = Release|Any CPU
		{E85546E4-D0CD-4873-9E26-D26D862481B9}.Release|Any CPU.Build.0 = Release|Any CPU
		{CD338D45-3ED4-4A31-8CF2-BF2CDE533482}.Debug|Any CPU.ActiveCfg = Debug|Any CPU
		{CD338D45-3ED4-4A31-8CF2-BF2CDE533482}.Debug|Any CPU.Build.0 = Debug|Any CPU
		{CD338D45-3ED4-4A31-8CF2-BF2CDE533482}.Release|Any CPU.ActiveCfg = Release|Any CPU
		{CD338D45-3ED4-4A31-8CF2-BF2CDE533482}.Release|Any CPU.Build.0 = Release|Any CPU
		{2C2A437C-8279-4659-83C1-8E6A9DEEF018}.Debug|Any CPU.ActiveCfg = Debug|Any CPU
		{2C2A437C-8279-4659-83C1-8E6A9DEEF018}.Debug|Any CPU.Build.0 = Debug|Any CPU
		{2C2A437C-8279-4659-83C1-8E6A9DEEF018}.Release|Any CPU.ActiveCfg = Release|Any CPU
		{2C2A437C-8279-4659-83C1-8E6A9DEEF018}.Release|Any CPU.Build.0 = Release|Any CPU
		{7FB7FED0-D474-4908-81B8-19A443E39561}.Debug|Any CPU.ActiveCfg = Debug|Any CPU
		{7FB7FED0-D474-4908-81B8-19A443E39561}.Debug|Any CPU.Build.0 = Debug|Any CPU
		{7FB7FED0-D474-4908-81B8-19A443E39561}.Release|Any CPU.ActiveCfg = Release|Any CPU
		{7FB7FED0-D474-4908-81B8-19A443E39561}.Release|Any CPU.Build.0 = Release|Any CPU
		{5DC1BF50-7F9B-45BF-B2FA-D427646C9A76}.Debug|Any CPU.ActiveCfg = Debug|Any CPU
		{5DC1BF50-7F9B-45BF-B2FA-D427646C9A76}.Debug|Any CPU.Build.0 = Debug|Any CPU
		{5DC1BF50-7F9B-45BF-B2FA-D427646C9A76}.Release|Any CPU.ActiveCfg = Release|Any CPU
		{5DC1BF50-7F9B-45BF-B2FA-D427646C9A76}.Release|Any CPU.Build.0 = Release|Any CPU
		{E8533FF0-3658-4645-84BD-5193C36D1700}.Debug|Any CPU.ActiveCfg = Debug|Any CPU
		{E8533FF0-3658-4645-84BD-5193C36D1700}.Debug|Any CPU.Build.0 = Debug|Any CPU
		{E8533FF0-3658-4645-84BD-5193C36D1700}.Release|Any CPU.ActiveCfg = Release|Any CPU
		{E8533FF0-3658-4645-84BD-5193C36D1700}.Release|Any CPU.Build.0 = Release|Any CPU
		{F1C45AB6-42B9-4D53-9B2F-E41A22C4B258}.Debug|Any CPU.ActiveCfg = Debug|Any CPU
		{F1C45AB6-42B9-4D53-9B2F-E41A22C4B258}.Debug|Any CPU.Build.0 = Debug|Any CPU
		{F1C45AB6-42B9-4D53-9B2F-E41A22C4B258}.Release|Any CPU.ActiveCfg = Release|Any CPU
		{F1C45AB6-42B9-4D53-9B2F-E41A22C4B258}.Release|Any CPU.Build.0 = Release|Any CPU
	EndGlobalSection
EndGlobal
